lockfileVersion: '9.0'

settings:
  autoInstallPeers: true
  excludeLinksFromLockfile: false

importers:

  .:
    dependencies:
      oxc-resolver:
        specifier: ^11.6.1
        version: 11.6.1
      oxc-transform:
        specifier: ^0.82.1
        version: 0.82.1
      tsconfck:
        specifier: ^3.1.6
        version: 3.1.6(typescript@5.9.2)
      tsconfig-migrate:
        specifier: ^0.0.0
        version: 0.0.0
    devDependencies:
      '@startracex/dev-config':
        specifier: ^0.5.0
        version: 0.5.0
      '@types/node':
        specifier: ^24.2.1
        version: 24.2.1
      typescript:
        specifier: ^5.9.2
        version: 5.9.2

packages:

  '@emnapi/core@1.4.5':
    resolution: {integrity: sha512-XsLw1dEOpkSX/WucdqUhPWP7hDxSvZiY+fsUC14h+FtQ2Ifni4znbBt8punRX+Uj2JG/uDb8nEHVKvrVlvdZ5Q==}

  '@emnapi/runtime@1.4.5':
    resolution: {integrity: sha512-++LApOtY0pEEz1zrd9vy1/zXVaVJJ/EbAF3u0fXIzPJEDtnITsBGbbK0EkM72amhl/R5b+5xx0Y/QhcVOpuulg==}

  '@emnapi/wasi-threads@1.0.4':
    resolution: {integrity: sha512-PJR+bOmMOPH8AtcTGAyYNiuJ3/Fcoj2XN/gBEWzDIKh254XO+mM9XoXHk5GNEhodxeMznbg7BlRojVbKN+gC6g==}

  '@napi-rs/wasm-runtime@1.0.3':
    resolution: {integrity: sha512-rZxtMsLwjdXkMUGC3WwsPwLNVqVqnTJT6MNIB6e+5fhMcSCPP0AOsNWuMQ5mdCq6HNjs/ZeWAEchpqeprqBD2Q==}

  '@oxc-resolver/binding-android-arm-eabi@11.6.1':
    resolution: {integrity: sha512-Ma/kg29QJX1Jzelv0Q/j2iFuUad1WnjgPjpThvjqPjpOyLjCUaiFCCnshhmWjyS51Ki1Iol3fjf1qAzObf8GIA==}
    cpu: [arm]
    os: [android]

  '@oxc-resolver/binding-android-arm64@11.6.1':
    resolution: {integrity: sha512-xjL/FKKc5p8JkFWiH7pJWSzsewif3fRf1rw2qiRxRvq1uIa6l7Zoa14Zq2TNWEsqDjdeOrlJtfWiPNRnevK0oQ==}
    cpu: [arm64]
    os: [android]

  '@oxc-resolver/binding-darwin-arm64@11.6.1':
    resolution: {integrity: sha512-u0yrJ3NHE0zyCjiYpIyz4Vmov21MA0yFKbhHgixDU/G6R6nvC8ZpuSFql3+7C8ttAK9p8WpqOGweepfcilH5Bw==}
    cpu: [arm64]
    os: [darwin]

  '@oxc-resolver/binding-darwin-x64@11.6.1':
    resolution: {integrity: sha512-2lox165h1EhzxcC8edUy0znXC/hnAbUPaMpYKVlzLpB2AoYmgU4/pmofFApj+axm2FXpNamjcppld8EoHo06rw==}
    cpu: [x64]
    os: [darwin]

  '@oxc-resolver/binding-freebsd-x64@11.6.1':
    resolution: {integrity: sha512-F45MhEQ7QbHfsvZtVNuA/9obu3il7QhpXYmCMfxn7Zt9nfAOw4pQ8hlS5DroHVp3rW35u9F7x0sixk/QEAi3qQ==}
    cpu: [x64]
    os: [freebsd]

  '@oxc-resolver/binding-linux-arm-gnueabihf@11.6.1':
    resolution: {integrity: sha512-r+3+MTTl0tD4NoWbfTIItAxJvuyIU7V0fwPDXrv7Uj64vZ3OYaiyV+lVaeU89Bk/FUUQxeUpWBwdKNKHjyRNQw==}
    cpu: [arm]
    os: [linux]

  '@oxc-resolver/binding-linux-arm-musleabihf@11.6.1':
    resolution: {integrity: sha512-TBTZ63otsWZ72Z8ZNK2JVS0HW1w9zgOixJTFDNrYPUUW1pXGa28KAjQ1yGawj242WLAdu3lwdNIWtkxeO2BLxQ==}
    cpu: [arm]
    os: [linux]

  '@oxc-resolver/binding-linux-arm64-gnu@11.6.1':
    resolution: {integrity: sha512-SjwhNynjSG2yMdyA0f7wz7Yvo3ppejO+ET7n2oiI7ApCXrwxMzeRWjBzQt+oVWr2HzVOfaEcDS9rMtnR83ulig==}
    cpu: [arm64]
    os: [linux]
    libc: [glibc]

  '@oxc-resolver/binding-linux-arm64-musl@11.6.1':
    resolution: {integrity: sha512-f4EMidK6rosInBzPMnJ0Ri4RttFCvvLNUNDFUBtELW/MFkBwPTDlvbsmW0u0Mk/ruBQ2WmRfOZ6tT62kWMcX2Q==}
    cpu: [arm64]
    os: [linux]
    libc: [musl]

  '@oxc-resolver/binding-linux-ppc64-gnu@11.6.1':
    resolution: {integrity: sha512-1umENVKeUsrWnf5IlF/6SM7DCv8G6CoKI2LnYR6qhZuLYDPS4PBZ0Jow3UDV9Rtbv5KRPcA3/uXjI88ntWIcOQ==}
    cpu: [ppc64]
    os: [linux]
    libc: [glibc]

  '@oxc-resolver/binding-linux-riscv64-gnu@11.6.1':
    resolution: {integrity: sha512-Hjyp1FRdJhsEpIxsZq5VcDuFc8abC0Bgy8DWEa31trCKoTz7JqA7x3E2dkFbrAKsEFmZZ0NvuG5Ip3oIRARhow==}
    cpu: [riscv64]
    os: [linux]
    libc: [glibc]

  '@oxc-resolver/binding-linux-riscv64-musl@11.6.1':
    resolution: {integrity: sha512-ODJOJng6f3QxpAXhLel3kyWs8rPsJeo9XIZHzA7p//e+5kLMDU7bTVk4eZnUHuxsqsB8MEvPCicJkKCEuur5Ag==}
    cpu: [riscv64]
    os: [linux]
    libc: [musl]

  '@oxc-resolver/binding-linux-s390x-gnu@11.6.1':
    resolution: {integrity: sha512-hCzRiLhqe1ZOpHTsTGKp7gnMJRORlbCthawBueer2u22RVAka74pV/+4pP1tqM07mSlQn7VATuWaDw9gCl+cVg==}
    cpu: [s390x]
    os: [linux]
    libc: [glibc]

  '@oxc-resolver/binding-linux-x64-gnu@11.6.1':
    resolution: {integrity: sha512-JansPD8ftOzMYIC3NfXJ68tt63LEcIAx44Blx6BAd7eY880KX7A0KN3hluCrelCz5aQkPaD95g8HBiJmKaEi2w==}
    cpu: [x64]
    os: [linux]
    libc: [glibc]

  '@oxc-resolver/binding-linux-x64-musl@11.6.1':
    resolution: {integrity: sha512-R78ES1rd4z2x5NrFPtSWb/ViR1B8wdl+QN2X8DdtoYcqZE/4tvWtn9ZTCXMEzUp23tchJ2wUB+p6hXoonkyLpA==}
    cpu: [x64]
    os: [linux]
    libc: [musl]

  '@oxc-resolver/binding-wasm32-wasi@11.6.1':
    resolution: {integrity: sha512-qAR3tYIf3afkij/XYunZtlz3OH2Y4ni10etmCFIJB5VRGsqJyI6Hl+2dXHHGJNwbwjXjSEH/KWJBpVroF3TxBw==}
    engines: {node: '>=14.0.0'}
    cpu: [wasm32]

  '@oxc-resolver/binding-win32-arm64-msvc@11.6.1':
    resolution: {integrity: sha512-QqygWygIuemGkaBA48POOTeinbVvlamqh6ucm8arGDGz/mB5O00gXWxed12/uVrYEjeqbMkla/CuL3fjL3EKvw==}
    cpu: [arm64]
    os: [win32]

  '@oxc-resolver/binding-win32-ia32-msvc@11.6.1':
    resolution: {integrity: sha512-N2+kkWwt/bk0JTCxhPuK8t8JMp3nd0n2OhwOkU8KO4a7roAJEa4K1SZVjMv5CqUIr5sx2CxtXRBoFDiORX5oBg==}
    cpu: [ia32]
    os: [win32]

  '@oxc-resolver/binding-win32-x64-msvc@11.6.1':
    resolution: {integrity: sha512-DfMg3cU9bJUbN62Prbp4fGCtLgexuwyEaQGtZAp8xmi1Ii26uflOGx0FJkFTF6lVMSFoIRFvIL8gsw5/ZdHrMw==}
    cpu: [x64]
    os: [win32]

  '@oxc-transform/binding-android-arm64@0.82.1':
    resolution: {integrity: sha512-Ox6tS6x+GNuKz1l73eDJplwiJvgQhrXdK1KHCItSq3MgSFBWc3BgaC41xh4mHQrS1pJjHuU+DsRfqxHsgMYqpw==}
    engines: {node: '>=14.0.0'}
    cpu: [arm64]
    os: [android]

  '@oxc-transform/binding-darwin-arm64@0.82.1':
    resolution: {integrity: sha512-S/7jvllb3seTZAcGoZWl0kHxl3+m9DM8JgwiF/C8wGjeq+MVDeaUcWXP2emGqCgYK9HenCwq9xMCu1uPiaP4zg==}
    engines: {node: '>=14.0.0'}
    cpu: [arm64]
    os: [darwin]

  '@oxc-transform/binding-darwin-x64@0.82.1':
    resolution: {integrity: sha512-35Sw9c51dTNtORMwxZqfoH58Bi3cHAjtjZdmp0ZeRKJCKtXtel9cEYlN5+jK4ooTB1lGeujSZd/X7sazmKM9aA==}
    engines: {node: '>=14.0.0'}
    cpu: [x64]
    os: [darwin]

  '@oxc-transform/binding-freebsd-x64@0.82.1':
    resolution: {integrity: sha512-Z5wKiD0pk///VSA+e5Z9PrDjkL8NKUP7BHvIOvrdUJODnvEr18YJCRkSenGBHHrP/XsKLAR4kDzncD6u1mC5nQ==}
    engines: {node: '>=14.0.0'}
    cpu: [x64]
    os: [freebsd]

  '@oxc-transform/binding-linux-arm-gnueabihf@0.82.1':
    resolution: {integrity: sha512-CiI7O0UiwHsu13ROkCTYm2rekEIIj66sHodm3bFr71lwyVk5Q2wLRmjKD7dlycXof3nQnDt2L7FK3RKXv2OmkA==}
    engines: {node: '>=14.0.0'}
    cpu: [arm]
    os: [linux]

  '@oxc-transform/binding-linux-arm-musleabihf@0.82.1':
    resolution: {integrity: sha512-rydZWcwpIUVtMmV8YufVQxsbbBOS808m03sjz3YLAuZe0t5+NoePV4UAacEAjqhChk/DfHYLjBxFrV2iVBggLA==}
    engines: {node: '>=14.0.0'}
    cpu: [arm]
    os: [linux]

  '@oxc-transform/binding-linux-arm64-gnu@0.82.1':
    resolution: {integrity: sha512-Dz3UN6LgHHKziudKPF6QdStYSaBEBi12RLI9KJNvO0xIc19g42/uAuUSBLY59rZw2rKztP5Vpgs+bnVlwAyTIw==}
    engines: {node: '>=14.0.0'}
    cpu: [arm64]
    os: [linux]
    libc: [glibc]

  '@oxc-transform/binding-linux-arm64-musl@0.82.1':
    resolution: {integrity: sha512-NuoEvfNYipnsNK/seeojB2o319p6fxiLHbUKkxsTesG5G4z6/XNktmRDLcOehtVHZxO8TwsoNC+5HN12/IEn8A==}
    engines: {node: '>=14.0.0'}
    cpu: [arm64]
    os: [linux]
    libc: [musl]

  '@oxc-transform/binding-linux-riscv64-gnu@0.82.1':
    resolution: {integrity: sha512-YyzchyTgdoTmNENcRAF9rF+WcDSfXUd4bvuRvp+dB5hwGA/Q9lnuPJw5Mljs9f5crxq0f4/veh7Gt4eo+nh5AA==}
    engines: {node: '>=14.0.0'}
    cpu: [riscv64]
    os: [linux]
    libc: [glibc]

  '@oxc-transform/binding-linux-s390x-gnu@0.82.1':
    resolution: {integrity: sha512-RM3n6/m33dOhzFRhYC0A1+gCnFrCfh0AW+eL2GkAh5jdlfWJdInNI1oOl0W3zxUmuXQKmuJGQtk7oDM/EC/Agg==}
    engines: {node: '>=14.0.0'}
    cpu: [s390x]
    os: [linux]
    libc: [glibc]

  '@oxc-transform/binding-linux-x64-gnu@0.82.1':
    resolution: {integrity: sha512-ljIj2f5Vatk1Pcf0eNBCRw8bWcNyHsYMnIh8EjcCaHvT6PFt5ToZepwDFuq7nDTowVTpuIQtcASOKgIUYvOi+w==}
    engines: {node: '>=14.0.0'}
    cpu: [x64]
    os: [linux]
    libc: [glibc]

  '@oxc-transform/binding-linux-x64-musl@0.82.1':
    resolution: {integrity: sha512-XbqwQ5RSxR101W0HNldEo1nW24rA0dq0QjyzNYVA9/Pt4SPuj85YwB699hZwJirmsRPWG52x3Yj+e7WzJQF67Q==}
    engines: {node: '>=14.0.0'}
    cpu: [x64]
    os: [linux]
    libc: [musl]

  '@oxc-transform/binding-wasm32-wasi@0.82.1':
    resolution: {integrity: sha512-snIudOVieyU+3CvgJ3Ya0miCSuXYSma2URa0oHQZ+eYbTq6UMq9/z7Pa2gEuNuzEVbuQO6SbL/JfhPsD3jcHng==}
    engines: {node: '>=14.0.0'}
    cpu: [wasm32]

  '@oxc-transform/binding-win32-arm64-msvc@0.82.1':
    resolution: {integrity: sha512-ekq8V/jaJX52nIok2tf9oT3rsxSl7agNBZQFHq15etj7DcYwowLdmyCWEGtsqv6m4IxmbpKTRHdFY/5rMKSf9g==}
    engines: {node: '>=14.0.0'}
    cpu: [arm64]
    os: [win32]

  '@oxc-transform/binding-win32-x64-msvc@0.82.1':
    resolution: {integrity: sha512-8CkzYkgu/FhqIgcSmWhoBRVEhRBFEuTCXW9tEkcF7tQ45svd30Gu7XtQn1X7jh3jfE8RI3xP6iUUx/9B7UX1QA==}
    engines: {node: '>=14.0.0'}
    cpu: [x64]
    os: [win32]

  '@startracex/dev-config@0.5.0':
    resolution: {integrity: sha512-T5dWvXmKjNJaJx2r1XdO/ZnrRavG93m1TZ8vOKGnZtz4fkVyKRogmFYYDjUQnPCTHsmJXCOSDfgAEnjBM3MIvA==}

  '@tybys/wasm-util@0.10.0':
    resolution: {integrity: sha512-VyyPYFlOMNylG45GoAe0xDoLwWuowvf92F9kySqzYh8vmYm7D2u4iUJKa1tOUpS70Ku13ASrOkS4ScXFsTaCNQ==}

  '@types/node@24.2.1':
    resolution: {integrity: sha512-DRh5K+ka5eJic8CjH7td8QpYEV6Zo10gfRkjHCO3weqZHWDtAaSTFtl4+VMqOJ4N5jcuhZ9/l+yy8rVgw7BQeQ==}

  napi-postinstall@0.3.3:
    resolution: {integrity: sha512-uTp172LLXSxuSYHv/kou+f6KW3SMppU9ivthaVTXian9sOt3XM/zHYHpRZiLgQoxeWfYUnslNWQHF1+G71xcow==}
    engines: {node: ^12.20.0 || ^14.18.0 || >=16.0.0}
    hasBin: true

  oxc-resolver@11.6.1:
    resolution: {integrity: sha512-WQgmxevT4cM5MZ9ioQnEwJiHpPzbvntV5nInGAKo9NQZzegcOonHvcVcnkYqld7bTG35UFHEKeF7VwwsmA3cZg==}

  oxc-transform@0.82.1:
    resolution: {integrity: sha512-LS9WMAA+Y0TMgQWnSZyU3O/5XV5dhXzXcziy9agbsimHN42kzHHz0ai90BvQwox2kpS7VfWDicppwi/VbnwXyQ==}
    engines: {node: '>=14.0.0'}

  tsconfck@3.1.6:
    resolution: {integrity: sha512-ks6Vjr/jEw0P1gmOVwutM3B7fWxoWBL2KRDb1JfqGVawBmO5UsvmWOQFGHBPl5yxYz4eERr19E6L7NMv+Fej4w==}
    engines: {node: ^18 || >=20}
    hasBin: true
    peerDependencies:
      typescript: ^5.0.0
    peerDependenciesMeta:
      typescript:
        optional: true

  tsconfig-migrate@0.0.0:
    resolution: {integrity: sha512-DdF06udF3tEwC3v+ZptvrlXyQ8dzoTER4CBGurPSSF1YoxYSui/bNakUkywnc5XN3JYaregn5iSnCa5cfztwJw==}

  tslib@2.8.1:
    resolution: {integrity: sha512-oJFu94HQb+KVduSUQL7wnpmqnfmLsOA/nAh6b6EH0wCEoK0/mPeXU6c3wKDV83MkOuHPRHtSXKKU99IBazS/2w==}

  typescript@5.9.2:
    resolution: {integrity: sha512-CWBzXQrc/qOkhidw1OzBTQuYRbfyxDXJMVJ1XNwUHGROVmuaeiEm3OslpZ1RV96d7SKKjZKrSJu3+t/xlw3R9A==}
    engines: {node: '>=14.17'}
    hasBin: true

  undici-types@7.10.0:
    resolution: {integrity: sha512-t5Fy/nfn+14LuOc2KNYg75vZqClpAiqscVvMygNnlsHBFpSXdJaYtXMcdNLpl/Qvc3P2cB3s6lOV51nqsFq4ag==}

snapshots:

  '@emnapi/core@1.4.5':
    dependencies:
      '@emnapi/wasi-threads': 1.0.4
      tslib: 2.8.1
    optional: true

  '@emnapi/runtime@1.4.5':
    dependencies:
      tslib: 2.8.1
    optional: true

  '@emnapi/wasi-threads@1.0.4':
    dependencies:
      tslib: 2.8.1
    optional: true

  '@napi-rs/wasm-runtime@1.0.3':
    dependencies:
      '@emnapi/core': 1.4.5
      '@emnapi/runtime': 1.4.5
      '@tybys/wasm-util': 0.10.0
    optional: true

  '@oxc-resolver/binding-android-arm-eabi@11.6.1':
    optional: true

  '@oxc-resolver/binding-android-arm64@11.6.1':
    optional: true

  '@oxc-resolver/binding-darwin-arm64@11.6.1':
    optional: true

  '@oxc-resolver/binding-darwin-x64@11.6.1':
    optional: true

  '@oxc-resolver/binding-freebsd-x64@11.6.1':
    optional: true

  '@oxc-resolver/binding-linux-arm-gnueabihf@11.6.1':
    optional: true

  '@oxc-resolver/binding-linux-arm-musleabihf@11.6.1':
    optional: true

  '@oxc-resolver/binding-linux-arm64-gnu@11.6.1':
    optional: true

  '@oxc-resolver/binding-linux-arm64-musl@11.6.1':
    optional: true

  '@oxc-resolver/binding-linux-ppc64-gnu@11.6.1':
    optional: true

  '@oxc-resolver/binding-linux-riscv64-gnu@11.6.1':
    optional: true

  '@oxc-resolver/binding-linux-riscv64-musl@11.6.1':
    optional: true

  '@oxc-resolver/binding-linux-s390x-gnu@11.6.1':
    optional: true

  '@oxc-resolver/binding-linux-x64-gnu@11.6.1':
    optional: true

  '@oxc-resolver/binding-linux-x64-musl@11.6.1':
    optional: true

  '@oxc-resolver/binding-wasm32-wasi@11.6.1':
    dependencies:
      '@napi-rs/wasm-runtime': 1.0.3
    optional: true

  '@oxc-resolver/binding-win32-arm64-msvc@11.6.1':
    optional: true

  '@oxc-resolver/binding-win32-ia32-msvc@11.6.1':
    optional: true

  '@oxc-resolver/binding-win32-x64-msvc@11.6.1':
    optional: true

  '@oxc-transform/binding-android-arm64@0.82.1':
    optional: true

  '@oxc-transform/binding-darwin-arm64@0.82.1':
    optional: true

  '@oxc-transform/binding-darwin-x64@0.82.1':
    optional: true

  '@oxc-transform/binding-freebsd-x64@0.82.1':
    optional: true

  '@oxc-transform/binding-linux-arm-gnueabihf@0.82.1':
    optional: true

  '@oxc-transform/binding-linux-arm-musleabihf@0.82.1':
    optional: true

  '@oxc-transform/binding-linux-arm64-gnu@0.82.1':
    optional: true

  '@oxc-transform/binding-linux-arm64-musl@0.82.1':
    optional: true

  '@oxc-transform/binding-linux-riscv64-gnu@0.82.1':
    optional: true

  '@oxc-transform/binding-linux-s390x-gnu@0.82.1':
    optional: true

  '@oxc-transform/binding-linux-x64-gnu@0.82.1':
    optional: true

  '@oxc-transform/binding-linux-x64-musl@0.82.1':
    optional: true

  '@oxc-transform/binding-wasm32-wasi@0.82.1':
    dependencies:
      '@napi-rs/wasm-runtime': 1.0.3
    optional: true

  '@oxc-transform/binding-win32-arm64-msvc@0.82.1':
    optional: true

  '@oxc-transform/binding-win32-x64-msvc@0.82.1':
    optional: true

  '@startracex/dev-config@0.5.0': {}

  '@tybys/wasm-util@0.10.0':
    dependencies:
      tslib: 2.8.1
    optional: true

  '@types/node@24.2.1':
    dependencies:
      undici-types: 7.10.0

  napi-postinstall@0.3.3: {}

  oxc-resolver@11.6.1:
    dependencies:
      napi-postinstall: 0.3.3
    optionalDependencies:
      '@oxc-resolver/binding-android-arm-eabi': 11.6.1
      '@oxc-resolver/binding-android-arm64': 11.6.1
      '@oxc-resolver/binding-darwin-arm64': 11.6.1
      '@oxc-resolver/binding-darwin-x64': 11.6.1
      '@oxc-resolver/binding-freebsd-x64': 11.6.1
      '@oxc-resolver/binding-linux-arm-gnueabihf': 11.6.1
      '@oxc-resolver/binding-linux-arm-musleabihf': 11.6.1
      '@oxc-resolver/binding-linux-arm64-gnu': 11.6.1
      '@oxc-resolver/binding-linux-arm64-musl': 11.6.1
      '@oxc-resolver/binding-linux-ppc64-gnu': 11.6.1
      '@oxc-resolver/binding-linux-riscv64-gnu': 11.6.1
      '@oxc-resolver/binding-linux-riscv64-musl': 11.6.1
      '@oxc-resolver/binding-linux-s390x-gnu': 11.6.1
      '@oxc-resolver/binding-linux-x64-gnu': 11.6.1
      '@oxc-resolver/binding-linux-x64-musl': 11.6.1
      '@oxc-resolver/binding-wasm32-wasi': 11.6.1
      '@oxc-resolver/binding-win32-arm64-msvc': 11.6.1
      '@oxc-resolver/binding-win32-ia32-msvc': 11.6.1
      '@oxc-resolver/binding-win32-x64-msvc': 11.6.1

  oxc-transform@0.82.1:
    optionalDependencies:
      '@oxc-transform/binding-android-arm64': 0.82.1
      '@oxc-transform/binding-darwin-arm64': 0.82.1
      '@oxc-transform/binding-darwin-x64': 0.82.1
      '@oxc-transform/binding-freebsd-x64': 0.82.1
      '@oxc-transform/binding-linux-arm-gnueabihf': 0.82.1
      '@oxc-transform/binding-linux-arm-musleabihf': 0.82.1
      '@oxc-transform/binding-linux-arm64-gnu': 0.82.1
      '@oxc-transform/binding-linux-arm64-musl': 0.82.1
      '@oxc-transform/binding-linux-riscv64-gnu': 0.82.1
      '@oxc-transform/binding-linux-s390x-gnu': 0.82.1
      '@oxc-transform/binding-linux-x64-gnu': 0.82.1
      '@oxc-transform/binding-linux-x64-musl': 0.82.1
      '@oxc-transform/binding-wasm32-wasi': 0.82.1
      '@oxc-transform/binding-win32-arm64-msvc': 0.82.1
      '@oxc-transform/binding-win32-x64-msvc': 0.82.1

  tsconfck@3.1.6(typescript@5.9.2):
    optionalDependencies:
      typescript: 5.9.2

  tsconfig-migrate@0.0.0: {}

  tslib@2.8.1:
    optional: true

  typescript@5.9.2: {}

  undici-types@7.10.0: {}
