lockfileVersion: '9.0'

settings:
  autoInstallPeers: true
  excludeLinksFromLockfile: false

importers:

  .:
    dependencies:
      '@swc/core':
        specifier: ^1.13.5
        version: 1.15.21
      oxc-resolver:
        specifier: ^11.8.4
        version: 11.19.1(@emnapi/core@1.7.1)(@emnapi/runtime@1.7.1)
      tsconfck:
        specifier: ^3.1.6
        version: 3.1.6(typescript@6.0.2)
      tsconfig-migrate:
        specifier: ^0.2.0
        version: 0.2.0
      tslib:
        specifier: ^2.8.1
        version: 2.8.1
    devDependencies:
      '@changesets/cli':
        specifier: ^2.29.7
        version: 2.30.0(@types/node@25.5.0)
      '@startracex/dev-config':
        specifier: ^0.6.0
        version: 0.6.0
      '@types/node':
        specifier: ^25.0.3
        version: 25.5.0
      dprint:
        specifier: ^0.53.1
        version: 0.53.1
      typescript:
        specifier: ^6.0.2
        version: 6.0.2

packages:

  '@babel/runtime@7.29.2':
    resolution: {integrity: sha512-JiDShH45zKHWyGe4ZNVRrCjBz8Nh9TMmZG1kh4QTK8hCBTWBi8Da+i7s1fJw7/lYpM4ccepSNfqzZ/QvABBi5g==}
    engines: {node: '>=6.9.0'}

  '@changesets/apply-release-plan@7.1.0':
    resolution: {integrity: sha512-yq8ML3YS7koKQ/9bk1PqO0HMzApIFNwjlwCnwFEXMzNe8NpzeeYYKCmnhWJGkN8g7E51MnWaSbqRcTcdIxUgnQ==}

  '@changesets/assemble-release-plan@6.0.9':
    resolution: {integrity: sha512-tPgeeqCHIwNo8sypKlS3gOPmsS3wP0zHt67JDuL20P4QcXiw/O4Hl7oXiuLnP9yg+rXLQ2sScdV1Kkzde61iSQ==}

  '@changesets/changelog-git@0.2.1':
    resolution: {integrity: sha512-x/xEleCFLH28c3bQeQIyeZf8lFXyDFVn1SgcBiR2Tw/r4IAWlk1fzxCEZ6NxQAjF2Nwtczoen3OA2qR+UawQ8Q==}

  '@changesets/cli@2.30.0':
    resolution: {integrity: sha512-5D3Nk2JPqMI1wK25pEymeWRSlSMdo5QOGlyfrKg0AOufrUcjEE3RQgaCpHoBiM31CSNrtSgdJ0U6zL1rLDDfBA==}
    hasBin: true

  '@changesets/config@3.1.3':
    resolution: {integrity: sha512-vnXjcey8YgBn2L1OPWd3ORs0bGC4LoYcK/ubpgvzNVr53JXV5GiTVj7fWdMRsoKUH7hhhMAQnsJUqLr21EncNw==}

  '@changesets/errors@0.2.0':
    resolution: {integrity: sha512-6BLOQUscTpZeGljvyQXlWOItQyU71kCdGz7Pi8H8zdw6BI0g3m43iL4xKUVPWtG+qrrL9DTjpdn8eYuCQSRpow==}

  '@changesets/get-dependents-graph@2.1.3':
    resolution: {integrity: sha512-gphr+v0mv2I3Oxt19VdWRRUxq3sseyUpX9DaHpTUmLj92Y10AGy+XOtV+kbM6L/fDcpx7/ISDFK6T8A/P3lOdQ==}

  '@changesets/get-release-plan@4.0.15':
    resolution: {integrity: sha512-Q04ZaRPuEVZtA+auOYgFaVQQSA98dXiVe/yFaZfY7hoSmQICHGvP0TF4u3EDNHWmmCS4ekA/XSpKlSM2PyTS2g==}

  '@changesets/get-version-range-type@0.4.0':
    resolution: {integrity: sha512-hwawtob9DryoGTpixy1D3ZXbGgJu1Rhr+ySH2PvTLHvkZuQ7sRT4oQwMh0hbqZH1weAooedEjRsbrWcGLCeyVQ==}

  '@changesets/git@3.0.4':
    resolution: {integrity: sha512-BXANzRFkX+XcC1q/d27NKvlJ1yf7PSAgi8JG6dt8EfbHFHi4neau7mufcSca5zRhwOL8j9s6EqsxmT+s+/E6Sw==}

  '@changesets/logger@0.1.1':
    resolution: {integrity: sha512-OQtR36ZlnuTxKqoW4Sv6x5YIhOmClRd5pWsjZsddYxpWs517R0HkyiefQPIytCVh4ZcC5x9XaG8KTdd5iRQUfg==}

  '@changesets/parse@0.4.3':
    resolution: {integrity: sha512-ZDmNc53+dXdWEv7fqIUSgRQOLYoUom5Z40gmLgmATmYR9NbL6FJJHwakcCpzaeCy+1D0m0n7mT4jj2B/MQPl7A==}

  '@changesets/pre@2.0.2':
    resolution: {integrity: sha512-HaL/gEyFVvkf9KFg6484wR9s0qjAXlZ8qWPDkTyKF6+zqjBe/I2mygg3MbpZ++hdi0ToqNUF8cjj7fBy0dg8Ug==}

  '@changesets/read@0.6.7':
    resolution: {integrity: sha512-D1G4AUYGrBEk8vj8MGwf75k9GpN6XL3wg8i42P2jZZwFLXnlr2Pn7r9yuQNbaMCarP7ZQWNJbV6XLeysAIMhTA==}

  '@changesets/should-skip-package@0.1.2':
    resolution: {integrity: sha512-qAK/WrqWLNCP22UDdBTMPH5f41elVDlsNyat180A33dWxuUDyNpg6fPi/FyTZwRriVjg0L8gnjJn2F9XAoF0qw==}

  '@changesets/types@4.1.0':
    resolution: {integrity: sha512-LDQvVDv5Kb50ny2s25Fhm3d9QSZimsoUGBsUioj6MC3qbMUCuC8GPIvk/M6IvXx3lYhAs0lwWUQLb+VIEUCECw==}

  '@changesets/types@6.1.0':
    resolution: {integrity: sha512-rKQcJ+o1nKNgeoYRHKOS07tAMNd3YSN0uHaJOZYjBAgxfV7TUE7JE+z4BzZdQwb5hKaYbayKN5KrYV7ODb2rAA==}

  '@changesets/write@0.4.0':
    resolution: {integrity: sha512-CdTLvIOPiCNuH71pyDu3rA+Q0n65cmAbXnwWH84rKGiFumFzkmHNT8KHTMEchcxN+Kl8I54xGUhJ7l3E7X396Q==}

  '@dprint/darwin-arm64@0.53.1':
    resolution: {integrity: sha512-D3zbSv21LUU1PSYs3QJJMkPAxEl1iwK9oliSsQIBRvlPkHmPJtpsRXkTYI6VTKuSUIPu8TksPLmDNpRXkc0zYQ==}
    cpu: [arm64]
    os: [darwin]

  '@dprint/darwin-x64@0.53.1':
    resolution: {integrity: sha512-Af5maD91paDEm1va8lomhoWvlxiZnpeanhZCPY/xPNk4ZWy22QfUf/7J/w2/8GHSYU/2gxi5K0BRD3gjCZuEJQ==}
    cpu: [x64]
    os: [darwin]

  '@dprint/linux-arm64-glibc@0.53.1':
    resolution: {integrity: sha512-xmZ8oyKX2zb1ZbJZVXN4y6IlzsDEH46iPj0w+bzlS0v7ggAQrZhZ2KmZUmxtKFIGHZuKx81Lj+gNmw/zf4tpyA==}
    cpu: [arm64]
    os: [linux]

  '@dprint/linux-arm64-musl@0.53.1':
    resolution: {integrity: sha512-xIxUZxvgaWDQSpcVN9R1I6w+njgWuYVaTq+0Xt/oyMESaIpPsJTZP18qjQDDEXvXJ0cEbaoi3nuud1CvtJheXQ==}
    cpu: [arm64]
    os: [linux]

  '@dprint/linux-loong64-glibc@0.53.1':
    resolution: {integrity: sha512-tTvoHRsiOV9Ttx3bc7/i5KR98izFEBVkT0rM/HyFUMuTz6mMZhqGY9dZAN3cDwaLHAnxuSprag2PVaa6v5eL/g==}
    cpu: [loong64]
    os: [linux]

  '@dprint/linux-loong64-musl@0.53.1':
    resolution: {integrity: sha512-TW7ZWZvShuyMMmFm/bgCV5jldDUwZZQTLFYMqugIAIcCGE3Bs6m02CgpWiUBueudPk9Gb0nz17Y4PXAv3Sg3GQ==}
    cpu: [loong64]
    os: [linux]

  '@dprint/linux-riscv64-glibc@0.53.1':
    resolution: {integrity: sha512-Q8BDW+EWxzF4Es4KFOrJ8Y2bFL1nYcnwOX69kOo6bZgzQeRqr2WuEbFV70GClPy1xeBQLgKwAwYDmYjAxT75kQ==}
    cpu: [riscv64]
    os: [linux]

  '@dprint/linux-x64-glibc@0.53.1':
    resolution: {integrity: sha512-3nrrZjsBObS6OF50yvn0flXbbeMaP8lJrrpGSJ8+B6qKySZJ9ugDTCGMgXyD4y1MzuTj45zBwudJKywhRZ7pRw==}
    cpu: [x64]
    os: [linux]

  '@dprint/linux-x64-musl@0.53.1':
    resolution: {integrity: sha512-T2JZr/b8YZYyEnunZuXx7h09ngqTNx9sH2VaKwqRf4/CC7oR1RTAAyHaTFsL2/Ce+WTYb/LF/a1BkJEH2Q2LZw==}
    cpu: [x64]
    os: [linux]

  '@dprint/win32-arm64@0.53.1':
    resolution: {integrity: sha512-FF2U+1Uke8/uQ0xwIJc75MtysAophXjFvhVbywGl+arjmChlpyb1KHB6l8eobjt/zXMyoNOOCm3mi8Zh9bQivg==}
    cpu: [arm64]
    os: [win32]

  '@dprint/win32-x64@0.53.1':
    resolution: {integrity: sha512-KlTR+gv+UX1d4X1+PBV9tZ6NQRkt/KspyUjbM/5gcIKIcFHVehds3iQWjT5G46ExEvXpGd0hZPMmv7uHqynbyw==}
    cpu: [x64]
    os: [win32]

  '@emnapi/core@1.7.1':
    resolution: {integrity: sha512-o1uhUASyo921r2XtHYOHy7gdkGLge8ghBEQHMWmyJFoXlpU58kIrhhN3w26lpQb6dspetweapMn2CSNwQ8I4wg==}

  '@emnapi/runtime@1.7.1':
    resolution: {integrity: sha512-PVtJr5CmLwYAU9PZDMITZoR5iAOShYREoR45EyyLrbntV50mdePTgUn4AmOw90Ifcj+x2kRjdzr1HP3RrNiHGA==}

  '@emnapi/wasi-threads@1.1.0':
    resolution: {integrity: sha512-WI0DdZ8xFSbgMjR1sFsKABJ/C5OnRrjT06JXbZKexJGrDuPTzZdDYfFlsgcCXCyf+suG5QU2e/y1Wo2V/OapLQ==}

  '@inquirer/external-editor@1.0.3':
    resolution: {integrity: sha512-RWbSrDiYmO4LbejWY7ttpxczuwQyZLBUyygsA9Nsv95hpzUWwnNTVQmAq3xuh7vNwCp07UTmE5i11XAEExx4RA==}
    engines: {node: '>=18'}
    peerDependencies:
      '@types/node': '>=18'
    peerDependenciesMeta:
      '@types/node':
        optional: true

  '@manypkg/find-root@1.1.0':
    resolution: {integrity: sha512-mki5uBvhHzO8kYYix/WRy2WX8S3B5wdVSc9D6KcU5lQNglP2yt58/VfLuAK49glRXChosY8ap2oJ1qgma3GUVA==}

  '@manypkg/get-packages@1.1.3':
    resolution: {integrity: sha512-fo+QhuU3qE/2TQMQmbVMqaQ6EWbMhi4ABWP+O4AM1NqPBuy0OrApV5LO6BrrgnhtAHS2NH6RrVk9OL181tTi8A==}

  '@napi-rs/wasm-runtime@1.1.2':
    resolution: {integrity: sha512-sNXv5oLJ7ob93xkZ1XnxisYhGYXfaG9f65/ZgYuAu3qt7b3NadcOEhLvx28hv31PgX8SZJRYrAIPQilQmFpLVw==}
    peerDependencies:
      '@emnapi/core': ^1.7.1
      '@emnapi/runtime': ^1.7.1

  '@nodelib/fs.scandir@2.1.5':
    resolution: {integrity: sha512-vq24Bq3ym5HEQm2NKCr3yXDwjc7vTsEThRDnkp2DK9p1uqLR+DHurm/NOTo0KG7HYHU7eppKZj3MyqYuMBf62g==}
    engines: {node: '>= 8'}

  '@nodelib/fs.stat@2.0.5':
    resolution: {integrity: sha512-RkhPPp2zrqDAQA/2jNhnztcPAlv64XdhIp7a7454A5ovI7Bukxgt7MX7udwAu3zg1DcpPU0rz3VV1SeaqvY4+A==}
    engines: {node: '>= 8'}

  '@nodelib/fs.walk@1.2.8':
    resolution: {integrity: sha512-oGB+UxlgWcgQkgwo8GcEGwemoTFt3FIO9ababBmaGwXIoBKZ+GTy0pP185beGg7Llih/NSHSV2XAs1lnznocSg==}
    engines: {node: '>= 8'}

  '@oxc-resolver/binding-android-arm-eabi@11.19.1':
    resolution: {integrity: sha512-aUs47y+xyXHUKlbhqHUjBABjvycq6YSD7bpxSW7vplUmdzAlJ93yXY6ZR0c1o1x5A/QKbENCvs3+NlY8IpIVzg==}
    cpu: [arm]
    os: [android]

  '@oxc-resolver/binding-android-arm64@11.19.1':
    resolution: {integrity: sha512-oolbkRX+m7Pq2LNjr/kKgYeC7bRDMVTWPgxBGMjSpZi/+UskVo4jsMU3MLheZV55jL6c3rNelPl4oD60ggYmqA==}
    cpu: [arm64]
    os: [android]

  '@oxc-resolver/binding-darwin-arm64@11.19.1':
    resolution: {integrity: sha512-nUC6d2i3R5B12sUW4O646qD5cnMXf2oBGPLIIeaRfU9doJRORAbE2SGv4eW6rMqhD+G7nf2Y8TTJTLiiO3Q/dQ==}
    cpu: [arm64]
    os: [darwin]

  '@oxc-resolver/binding-darwin-x64@11.19.1':
    resolution: {integrity: sha512-cV50vE5+uAgNcFa3QY1JOeKDSkM/9ReIcc/9wn4TavhW/itkDGrXhw9jaKnkQnGbjJ198Yh5nbX/Gr2mr4Z5jQ==}
    cpu: [x64]
    os: [darwin]

  '@oxc-resolver/binding-freebsd-x64@11.19.1':
    resolution: {integrity: sha512-xZOQiYGFxtk48PBKff+Zwoym7ScPAIVp4c14lfLxizO2LTTTJe5sx9vQNGrBymrf/vatSPNMD4FgsaaRigPkqw==}
    cpu: [x64]
    os: [freebsd]

  '@oxc-resolver/binding-linux-arm-gnueabihf@11.19.1':
    resolution: {integrity: sha512-lXZYWAC6kaGe/ky2su94e9jN9t6M0/6c+GrSlCqL//XO1cxi5lpAhnJYdyrKfm0ZEr/c7RNyAx3P7FSBcBd5+A==}
    cpu: [arm]
    os: [linux]

  '@oxc-resolver/binding-linux-arm-musleabihf@11.19.1':
    resolution: {integrity: sha512-veG1kKsuK5+t2IsO9q0DErYVSw2azvCVvWHnfTOS73WE0STdLLB7Q1bB9WR+yHPQM76ASkFyRbogWo1GR1+WbQ==}
    cpu: [arm]
    os: [linux]

  '@oxc-resolver/binding-linux-arm64-gnu@11.19.1':
    resolution: {integrity: sha512-heV2+jmXyYnUrpUXSPugqWDRpnsQcDm2AX4wzTuvgdlZfoNYO0O3W2AVpJYaDn9AG4JdM6Kxom8+foE7/BcSig==}
    cpu: [arm64]
    os: [linux]

  '@oxc-resolver/binding-linux-arm64-musl@11.19.1':
    resolution: {integrity: sha512-jvo2Pjs1c9KPxMuMPIeQsgu0mOJF9rEb3y3TdpsrqwxRM+AN6/nDDwv45n5ZrUnQMsdBy5gIabioMKnQfWo9ew==}
    cpu: [arm64]
    os: [linux]

  '@oxc-resolver/binding-linux-ppc64-gnu@11.19.1':
    resolution: {integrity: sha512-vLmdNxWCdN7Uo5suays6A/+ywBby2PWBBPXctWPg5V0+eVuzsJxgAn6MMB4mPlshskYbppjpN2Zg83ArHze9gQ==}
    cpu: [ppc64]
    os: [linux]

  '@oxc-resolver/binding-linux-riscv64-gnu@11.19.1':
    resolution: {integrity: sha512-/b+WgR+VTSBxzgOhDO7TlMXC1ufPIMR6Vj1zN+/x+MnyXGW7prTLzU9eW85Aj7Th7CCEG9ArCbTeqxCzFWdg2w==}
    cpu: [riscv64]
    os: [linux]

  '@oxc-resolver/binding-linux-riscv64-musl@11.19.1':
    resolution: {integrity: sha512-YlRdeWb9j42p29ROh+h4eg/OQ3dTJlpHSa+84pUM9+p6i3djtPz1q55yLJhgW9XfDch7FN1pQ/Vd6YP+xfRIuw==}
    cpu: [riscv64]
    os: [linux]

  '@oxc-resolver/binding-linux-s390x-gnu@11.19.1':
    resolution: {integrity: sha512-EDpafVOQWF8/MJynsjOGFThcqhRHy417sRyLfQmeiamJ8qVhSKAn2Dn2VVKUGCjVB9C46VGjhNo7nOPUi1x6uA==}
    cpu: [s390x]
    os: [linux]

  '@oxc-resolver/binding-linux-x64-gnu@11.19.1':
    resolution: {integrity: sha512-NxjZe+rqWhr+RT8/Ik+5ptA3oz7tUw361Wa5RWQXKnfqwSSHdHyrw6IdcTfYuml9dM856AlKWZIUXDmA9kkiBQ==}
    cpu: [x64]
    os: [linux]

  '@oxc-resolver/binding-linux-x64-musl@11.19.1':
    resolution: {integrity: sha512-cM/hQwsO3ReJg5kR+SpI69DMfvNCp+A/eVR4b4YClE5bVZwz8rh2Nh05InhwI5HR/9cArbEkzMjcKgTHS6UaNw==}
    cpu: [x64]
    os: [linux]

  '@oxc-resolver/binding-openharmony-arm64@11.19.1':
    resolution: {integrity: sha512-QF080IowFB0+9Rh6RcD19bdgh49BpQHUW5TajG1qvWHvmrQznTZZjYlgE2ltLXyKY+qs4F/v5xuX1XS7Is+3qA==}
    cpu: [arm64]
    os: [openharmony]

  '@oxc-resolver/binding-wasm32-wasi@11.19.1':
    resolution: {integrity: sha512-w8UCKhX826cP/ZLokXDS6+milN8y4X7zidsAttEdWlVoamTNf6lhBJldaWr3ukTDiye7s4HRcuPEPOXNC432Vg==}
    engines: {node: '>=14.0.0'}
    cpu: [wasm32]

  '@oxc-resolver/binding-win32-arm64-msvc@11.19.1':
    resolution: {integrity: sha512-nJ4AsUVZrVKwnU/QRdzPCCrO0TrabBqgJ8pJhXITdZGYOV28TIYystV1VFLbQ7DtAcaBHpocT5/ZJnF78YJPtQ==}
    cpu: [arm64]
    os: [win32]

  '@oxc-resolver/binding-win32-ia32-msvc@11.19.1':
    resolution: {integrity: sha512-EW+ND5q2Tl+a3pH81l1QbfgbF3HmqgwLfDfVithRFheac8OTcnbXt/JxqD2GbDkb7xYEqy1zNaVFRr3oeG8npA==}
    cpu: [ia32]
    os: [win32]

  '@oxc-resolver/binding-win32-x64-msvc@11.19.1':
    resolution: {integrity: sha512-6hIU3RQu45B+VNTY4Ru8ppFwjVS/S5qwYyGhBotmjxfEKk41I2DlGtRfGJndZ5+6lneE2pwloqunlOyZuX/XAw==}
    cpu: [x64]
    os: [win32]

  '@startracex/dev-config@0.6.0':
    resolution: {integrity: sha512-litvZCMbJEyrZv5SGhwN9cypUwlmhsUmTJutM3VMWR5170Mg44jj9Zd3GPuqg0SJzhJflzWkIbQWXYrpS6wwsg==}

  '@swc/core-darwin-arm64@1.15.21':
    resolution: {integrity: sha512-SA8SFg9dp0qKRH8goWsax6bptFE2EdmPf2YRAQW9WoHGf3XKM1bX0nd5UdwxmC5hXsBUZAYf7xSciCler6/oyA==}
    engines: {node: '>=10'}
    cpu: [arm64]
    os: [darwin]

  '@swc/core-darwin-x64@1.15.21':
    resolution: {integrity: sha512-//fOVntgowz9+V90lVsNCtyyrtbHp3jWH6Rch7MXHXbcvbLmbCTmssl5DeedUWLLGiAAW1wksBdqdGYOTjaNLw==}
    engines: {node: '>=10'}
    cpu: [x64]
    os: [darwin]

  '@swc/core-linux-arm-gnueabihf@1.15.21':
    resolution: {integrity: sha512-meNI4Sh6h9h8DvIfEc0l5URabYMSuNvyisLmG6vnoYAS43s8ON3NJR8sDHvdP7NJTrLe0q/x2XCn6yL/BeHcZg==}
    engines: {node: '>=10'}
    cpu: [arm]
    os: [linux]

  '@swc/core-linux-arm64-gnu@1.15.21':
    resolution: {integrity: sha512-QrXlNQnHeXqU2EzLlnsPoWEh8/GtNJLvfMiPsDhk+ht6Xv8+vhvZ5YZ/BokNWSIZiWPKLAqR0M7T92YF5tmD3g==}
    engines: {node: '>=10'}
    cpu: [arm64]
    os: [linux]

  '@swc/core-linux-arm64-musl@1.15.21':
    resolution: {integrity: sha512-8/yGCMO333ultDaMQivE5CjO6oXDPeeg1IV4sphojPkb0Pv0i6zvcRIkgp60xDB+UxLr6VgHgt+BBgqS959E9g==}
    engines: {node: '>=10'}
    cpu: [arm64]
    os: [linux]

  '@swc/core-linux-ppc64-gnu@1.15.21':
    resolution: {integrity: sha512-ucW0HzPx0s1dgRvcvuLSPSA/2Kk/VYTv9st8qe1Kc22Gu0Q0rH9+6TcBTmMuNIp0Xs4BPr1uBttmbO1wEGI49Q==}
    engines: {node: '>=10'}
    cpu: [ppc64]
    os: [linux]

  '@swc/core-linux-s390x-gnu@1.15.21':
    resolution: {integrity: sha512-ulTnOGc5I7YRObE/9NreAhQg94QkiR5qNhhcUZ1iFAYjzg/JGAi1ch+s/Ixe61pMIr8bfVrF0NOaB0f8wjaAfA==}
    engines: {node: '>=10'}
    cpu: [s390x]
    os: [linux]

  '@swc/core-linux-x64-gnu@1.15.21':
    resolution: {integrity: sha512-D0RokxtM+cPvSqJIKR6uja4hbD+scI9ezo95mBhfSyLUs9wnPPl26sLp1ZPR/EXRdYm3F3S6RUtVi+8QXhT24Q==}
    engines: {node: '>=10'}
    cpu: [x64]
    os: [linux]

  '@swc/core-linux-x64-musl@1.15.21':
    resolution: {integrity: sha512-nER8u7VeRfmU6fMDzl1NQAbbB/G7O2avmvCOwIul1uGkZ2/acbPH+DCL9h5+0yd/coNcxMBTL6NGepIew+7C2w==}
    engines: {node: '>=10'}
    cpu: [x64]
    os: [linux]

  '@swc/core-win32-arm64-msvc@1.15.21':
    resolution: {integrity: sha512-+/AgNBnjYugUA8C0Do4YzymgvnGbztv7j8HKSQLvR/DQgZPoXQ2B3PqB2mTtGh/X5DhlJWiqnunN35JUgWcAeQ==}
    engines: {node: '>=10'}
    cpu: [arm64]
    os: [win32]

  '@swc/core-win32-ia32-msvc@1.15.21':
    resolution: {integrity: sha512-IkSZj8PX/N4HcaFhMQtzmkV8YSnuNoJ0E6OvMwFiOfejPhiKXvl7CdDsn1f4/emYEIDO3fpgZW9DTaCRMDxaDA==}
    engines: {node: '>=10'}
    cpu: [ia32]
    os: [win32]

  '@swc/core-win32-x64-msvc@1.15.21':
    resolution: {integrity: sha512-zUyWso7OOENB6e1N1hNuNn8vbvLsTdKQ5WKLgt/JcBNfJhKy/6jmBmqI3GXk/MyvQKd5SLvP7A0F36p7TeDqvw==}
    engines: {node: '>=10'}
    cpu: [x64]
    os: [win32]

  '@swc/core@1.15.21':
    resolution: {integrity: sha512-fkk7NJcBscrR3/F8jiqlMptRHP650NxqDnspBMrRe5d8xOoCy9MLL5kOBLFXjFLfMo3KQQHhk+/jUULOMlR1uQ==}
    engines: {node: '>=10'}
    peerDependencies:
      '@swc/helpers': '>=0.5.17'
    peerDependenciesMeta:
      '@swc/helpers':
        optional: true

  '@swc/counter@0.1.3':
    resolution: {integrity: sha512-e2BR4lsJkkRlKZ/qCHPw9ZaSxc0MVUd7gtbtaB7aMvHeJVYe8sOB8DBZkP2DtISHGSku9sCK6T6cnY0CtXrOCQ==}

  '@swc/types@0.1.26':
    resolution: {integrity: sha512-lyMwd7WGgG79RS7EERZV3T8wMdmPq3xwyg+1nmAM64kIhx5yl+juO2PYIHb7vTiPgPCj8LYjsNV2T5wiQHUEaw==}

  '@tybys/wasm-util@0.10.1':
    resolution: {integrity: sha512-9tTaPJLSiejZKx+Bmog4uSubteqTvFrVrURwkmHixBo0G4seD0zUxp98E1DzUBJxLQ3NPwXrGKDiVjwx/DpPsg==}

  '@types/node@12.20.55':
    resolution: {integrity: sha512-J8xLz7q2OFulZ2cyGTLE1TbbZcjpno7FaN6zdJNrgAdrJ+DZzh/uFR6YrTb4C+nXakvud8Q4+rbhoIWlYQbUFQ==}

  '@types/node@25.5.0':
    resolution: {integrity: sha512-jp2P3tQMSxWugkCUKLRPVUpGaL5MVFwF8RDuSRztfwgN1wmqJeMSbKlnEtQqU8UrhTmzEmZdu2I6v2dpp7XIxw==}

  ansi-colors@4.1.3:
    resolution: {integrity: sha512-/6w/C21Pm1A7aZitlI5Ni/2J6FFQN8i1Cvz3kHABAAbw93v/NlvKdVOqz7CCWz/3iv/JplRSEEZ83XION15ovw==}
    engines: {node: '>=6'}

  ansi-regex@5.0.1:
    resolution: {integrity: sha512-quJQXlTSUGL2LH9SUXo8VwsY4soanhgo6LNSm84E1LBcE8s3O0wpdiRzyR9z/ZZJMlMWv37qOOb9pdJlMUEKFQ==}
    engines: {node: '>=8'}

  argparse@1.0.10:
    resolution: {integrity: sha512-o5Roy6tNG4SL/FOkCAN6RzjiakZS25RLYFrcMttJqbdd8BWrnA+fGz57iN5Pb06pvBGvl5gQ0B48dJlslXvoTg==}

  argparse@2.0.1:
    resolution: {integrity: sha512-8+9WqebbFzpX9OR+Wa6O29asIogeRMzcGtAINdpMHHyAg10f05aSFVBbcEqGf/PXw1EjAZ+q2/bEBg3DvurK3Q==}

  array-union@2.1.0:
    resolution: {integrity: sha512-HGyxoOTYUyCM6stUe6EJgnd4EoewAI7zMdfqO+kGjnlZmBDz/cR5pf8r/cR4Wq60sL/p0IkcjUEEPwS3GFrIyw==}
    engines: {node: '>=8'}

  better-path-resolve@1.0.0:
    resolution: {integrity: sha512-pbnl5XzGBdrFU/wT4jqmJVPn2B6UHPBOhzMQkY/SPUPB6QtUXtmBHBIwCbXJol93mOpGMnQyP/+BB19q04xj7g==}
    engines: {node: '>=4'}

  braces@3.0.3:
    resolution: {integrity: sha512-yQbXgO/OSZVD2IsiLlro+7Hf6Q18EJrKSEsdoMzKePKXct3gvD8oLcOQdIzGupr5Fj+EDe8gO/lxc1BzfMpxvA==}
    engines: {node: '>=8'}

  chardet@2.1.1:
    resolution: {integrity: sha512-PsezH1rqdV9VvyNhxxOW32/d75r01NY7TQCmOqomRo15ZSOKbpTFVsfjghxo6JloQUCGnH4k1LGu0R4yCLlWQQ==}

  cross-spawn@7.0.6:
    resolution: {integrity: sha512-uV2QOWP2nWzsy2aMp8aRibhi9dlzF5Hgh5SHaB9OiTGEyDTiJJyx0uy51QXdyWbtAHNua4XJzUKca3OzKUd3vA==}
    engines: {node: '>= 8'}

  detect-indent@6.1.0:
    resolution: {integrity: sha512-reYkTUJAZb9gUuZ2RvVCNhVHdg62RHnJ7WJl8ftMi4diZ6NWlciOzQN88pUhSELEwflJht4oQDv0F0BMlwaYtA==}
    engines: {node: '>=8'}

  dir-glob@3.0.1:
    resolution: {integrity: sha512-WkrWp9GR4KXfKGYzOLmTuGVi1UWFfws377n9cc55/tb6DuqyF6pcQ5AbiHEshaDpY9v6oaSr2XCDidGmMwdzIA==}
    engines: {node: '>=8'}

  dprint@0.53.1:
    resolution: {integrity: sha512-NeVcviyC4NEBOZc8l4mhmtpSgzZHEXnIZZkRp3kk/12LvZQgDmR71vktH2PxUdXiyEVcvlqE9V3WUqG6DoVdyA==}
    hasBin: true

  enquirer@2.4.1:
    resolution: {integrity: sha512-rRqJg/6gd538VHvR3PSrdRBb/1Vy2YfzHqzvbhGIQpDRKIa4FgV/54b5Q1xYSxOOwKvjXweS26E0Q+nAMwp2pQ==}
    engines: {node: '>=8.6'}

  esprima@4.0.1:
    resolution: {integrity: sha512-eGuFFw7Upda+g4p+QHvnW0RyTX/SVeJBDM/gCtMARO0cLuT2HcEKnTPvhjV6aGeqrCB/sbNop0Kszm0jsaWU4A==}
    engines: {node: '>=4'}
    hasBin: true

  extendable-error@0.1.7:
    resolution: {integrity: sha512-UOiS2in6/Q0FK0R0q6UY9vYpQ21mr/Qn1KOnte7vsACuNJf514WvCCUHSRCPcgjPT2bAhNIJdlE6bVap1GKmeg==}

  fast-glob@3.3.3:
    resolution: {integrity: sha512-7MptL8U0cqcFdzIzwOTHoilX9x5BrNqye7Z/LuC7kCMRio1EMSyqRK3BEAUD7sXRq4iT4AzTVuZdhgQ2TCvYLg==}
    engines: {node: '>=8.6.0'}

  fastq@1.20.1:
    resolution: {integrity: sha512-GGToxJ/w1x32s/D2EKND7kTil4n8OVk/9mycTc4VDza13lOvpUZTGX3mFSCtV9ksdGBVzvsyAVLM6mHFThxXxw==}

  fill-range@7.1.1:
    resolution: {integrity: sha512-YsGpe3WHLK8ZYi4tWDg2Jy3ebRz2rXowDxnld4bkQB00cc/1Zw9AWnC0i9ztDJitivtQvaI9KaLyKrc+hBW0yg==}
    engines: {node: '>=8'}

  find-up@4.1.0:
    resolution: {integrity: sha512-PpOwAdQ/YlXQ2vj8a3h8IipDuYRi3wceVQQGYWxNINccq40Anw7BlsEXCMbt1Zt+OLA6Fq9suIpIWD0OsnISlw==}
    engines: {node: '>=8'}

  fs-extra@7.0.1:
    resolution: {integrity: sha512-YJDaCJZEnBmcbw13fvdAM9AwNOJwOzrE4pqMqBq5nFiEqXUqHwlK4B+3pUw6JNvfSPtX05xFHtYy/1ni01eGCw==}
    engines: {node: '>=6 <7 || >=8'}

  fs-extra@8.1.0:
    resolution: {integrity: sha512-yhlQgA6mnOJUKOsRUFsgJdQCvkKhcz8tlZG5HBQfReYZy46OwLcY+Zia0mtdHsOo9y/hP+CxMN0TU9QxoOtG4g==}
    engines: {node: '>=6 <7 || >=8'}

  glob-parent@5.1.2:
    resolution: {integrity: sha512-AOIgSQCepiJYwP3ARnGx+5VnTu2HBYdzbGP45eLw1vr3zB3vZLeyed1sC9hnbcOc9/SrMyM5RPQrkGz4aS9Zow==}
    engines: {node: '>= 6'}

  globby@11.1.0:
    resolution: {integrity: sha512-jhIXaOzy1sb8IyocaruWSn1TjmnBVs8Ayhcy83rmxNJ8q2uWKCAj3CnJY+KpGSXCueAPc0i05kVvVKtP1t9S3g==}
    engines: {node: '>=10'}

  graceful-fs@4.2.11:
    resolution: {integrity: sha512-RbJ5/jmFcNNCcDV5o9eTnBLJ/HszWV0P73bc+Ff4nS/rJj+YaS6IGyiOL0VoBYX+l1Wrl3k63h/KrH+nhJ0XvQ==}

  human-id@4.1.3:
    resolution: {integrity: sha512-tsYlhAYpjCKa//8rXZ9DqKEawhPoSytweBC2eNvcaDK+57RZLHGqNs3PZTQO6yekLFSuvA6AlnAfrw1uBvtb+Q==}
    hasBin: true

  iconv-lite@0.7.2:
    resolution: {integrity: sha512-im9DjEDQ55s9fL4EYzOAv0yMqmMBSZp6G0VvFyTMPKWxiSBHUj9NW/qqLmXUwXrrM7AvqSlTCfvqRb0cM8yYqw==}
    engines: {node: '>=0.10.0'}

  ignore@5.3.2:
    resolution: {integrity: sha512-hsBTNUqQTDwkWtcdYI2i06Y/nUBEsNEDJKjWdigLvegy8kDuJAS8uRlpkkcQpyEXL0Z/pjDy5HBmMjRCJ2gq+g==}
    engines: {node: '>= 4'}

  is-extglob@2.1.1:
    resolution: {integrity: sha512-SbKbANkN603Vi4jEZv49LeVJMn4yGwsbzZworEoyEiutsN3nJYdbO36zfhGJ6QEDpOZIFkDtnq5JRxmvl3jsoQ==}
    engines: {node: '>=0.10.0'}

  is-glob@4.0.3:
    resolution: {integrity: sha512-xelSayHH36ZgE7ZWhli7pW34hNbNl8Ojv5KVmkJD4hBdD3th8Tfk9vYasLM+mXWOZhFkgZfxhLSnrwRr4elSSg==}
    engines: {node: '>=0.10.0'}

  is-number@7.0.0:
    resolution: {integrity: sha512-41Cifkg6e8TylSpdtTpeLVMqvSBEVzTttHvERD741+pnZ8ANv0004MRL43QKPDlK9cGvNp6NZWZUBlbGXYxxng==}
    engines: {node: '>=0.12.0'}

  is-subdir@1.2.0:
    resolution: {integrity: sha512-2AT6j+gXe/1ueqbW6fLZJiIw3F8iXGJtt0yDrZaBhAZEG1raiTxKWU+IPqMCzQAXOUCKdA4UDMgacKH25XG2Cw==}
    engines: {node: '>=4'}

  is-windows@1.0.2:
    resolution: {integrity: sha512-eXK1UInq2bPmjyX6e3VHIzMLobc4J94i4AWn+Hpq3OU5KkrRC96OAcR3PRJ/pGu6m8TRnBHP9dkXQVsT/COVIA==}
    engines: {node: '>=0.10.0'}

  isexe@2.0.0:
    resolution: {integrity: sha512-RHxMLp9lnKHGHRng9QFhRCMbYAcVpn69smSGcq3f36xjgVVWThj4qqLbTLlq7Ssj8B+fIQ1EuCEGI2lKsyQeIw==}

  js-yaml@3.14.2:
    resolution: {integrity: sha512-PMSmkqxr106Xa156c2M265Z+FTrPl+oxd/rgOQy2tijQeK5TxQ43psO1ZCwhVOSdnn+RzkzlRz/eY4BgJBYVpg==}
    hasBin: true

  js-yaml@4.1.1:
    resolution: {integrity: sha512-qQKT4zQxXl8lLwBtHMWwaTcGfFOZviOJet3Oy/xmGk2gZH677CJM9EvtfdSkgWcATZhj/55JZ0rmy3myCT5lsA==}
    hasBin: true

  jsonfile@4.0.0:
    resolution: {integrity: sha512-m6F1R3z8jjlf2imQHS2Qez5sjKWQzbuuhuJ/FKYFRZvPE3PuHcSMVZzfsLhGVOkfd20obL5SWEBew5ShlquNxg==}

  locate-path@5.0.0:
    resolution: {integrity: sha512-t7hw9pI+WvuwNJXwk5zVHpyhIqzg2qTlklJOf0mVxGSbe3Fp2VieZcduNYjaLDoy6p9uGpQEGWG87WpMKlNq8g==}
    engines: {node: '>=8'}

  lodash.startcase@4.4.0:
    resolution: {integrity: sha512-+WKqsK294HMSc2jEbNgpHpd0JfIBhp7rEV4aqXWqFr6AlXov+SlcgB1Fv01y2kGe3Gc8nMW7VA0SrGuSkRfIEg==}

  merge2@1.4.1:
    resolution: {integrity: sha512-8q7VEgMJW4J8tcfVPy8g09NcQwZdbwFEqhe/WZkoIzjn/3TGDwtOCYtXGxA3O8tPzpczCCDgv+P2P5y00ZJOOg==}
    engines: {node: '>= 8'}

  micromatch@4.0.8:
    resolution: {integrity: sha512-PXwfBhYu0hBCPw8Dn0E+WDYb7af3dSLVWKi3HGv84IdF4TyFoC0ysxFd0Goxw7nSv4T/PzEJQxsYsEiFCKo2BA==}
    engines: {node: '>=8.6'}

  mri@1.2.0:
    resolution: {integrity: sha512-tzzskb3bG8LvYGFF/mDTpq3jpI6Q9wc3LEmBaghu+DdCssd1FakN7Bc0hVNmEyGq1bq3RgfkCb3cmQLpNPOroA==}
    engines: {node: '>=4'}

  outdent@0.5.0:
    resolution: {integrity: sha512-/jHxFIzoMXdqPzTaCpFzAAWhpkSjZPF4Vsn6jAfNpmbH/ymsmd7Qc6VE9BGn0L6YMj6uwpQLxCECpus4ukKS9Q==}

  oxc-resolver@11.19.1:
    resolution: {integrity: sha512-qE/CIg/spwrTBFt5aKmwe3ifeDdLfA2NESN30E42X/lII5ClF8V7Wt6WIJhcGZjp0/Q+nQ+9vgxGk//xZNX2hg==}

  p-filter@2.1.0:
    resolution: {integrity: sha512-ZBxxZ5sL2HghephhpGAQdoskxplTwr7ICaehZwLIlfL6acuVgZPm8yBNuRAFBGEqtD/hmUeq9eqLg2ys9Xr/yw==}
    engines: {node: '>=8'}

  p-limit@2.3.0:
    resolution: {integrity: sha512-//88mFWSJx8lxCzwdAABTJL2MyWB12+eIY7MDL2SqLmAkeKU9qxRvWuSyTjm3FUmpBEMuFfckAIqEaVGUDxb6w==}
    engines: {node: '>=6'}

  p-locate@4.1.0:
    resolution: {integrity: sha512-R79ZZ/0wAxKGu3oYMlz8jy/kbhsNrS7SKZ7PxEHBgJ5+F2mtFW2fK2cOtBh1cHYkQsbzFV7I+EoRKe6Yt0oK7A==}
    engines: {node: '>=8'}

  p-map@2.1.0:
    resolution: {integrity: sha512-y3b8Kpd8OAN444hxfBbFfj1FY/RjtTd8tzYwhUqNYXx0fXx2iX4maP4Qr6qhIKbQXI02wTLAda4fYUbDagTUFw==}
    engines: {node: '>=6'}

  p-try@2.2.0:
    resolution: {integrity: sha512-R4nPAVTAU0B9D35/Gk3uJf/7XYbQcyohSKdvAxIRSNghFl4e71hVoGnBNQz9cWaXxO2I10KTC+3jMdvvoKw6dQ==}
    engines: {node: '>=6'}

  package-manager-detector@0.2.11:
    resolution: {integrity: sha512-BEnLolu+yuz22S56CU1SUKq3XC3PkwD5wv4ikR4MfGvnRVcmzXR9DwSlW2fEamyTPyXHomBJRzgapeuBvRNzJQ==}

  path-exists@4.0.0:
    resolution: {integrity: sha512-ak9Qy5Q7jYb2Wwcey5Fpvg2KoAc/ZIhLSLOSBmRmygPsGwkVVt0fZa0qrtMz+m6tJTAHfZQ8FnmB4MG4LWy7/w==}
    engines: {node: '>=8'}

  path-key@3.1.1:
    resolution: {integrity: sha512-ojmeN0qd+y0jszEtoY48r0Peq5dwMEkIlCOu6Q5f41lfkswXuKtYrhgoTpLnyIcHm24Uhqx+5Tqm2InSwLhE6Q==}
    engines: {node: '>=8'}

  path-type@4.0.0:
    resolution: {integrity: sha512-gDKb8aZMDeD/tZWs9P6+q0J9Mwkdl6xMV8TjnGP3qJVJ06bdMgkbBlLU8IdfOsIsFz2BW1rNVT3XuNEl8zPAvw==}
    engines: {node: '>=8'}

  picocolors@1.1.1:
    resolution: {integrity: sha512-xceH2snhtb5M9liqDsmEw56le376mTZkEX/jEb/RxNFyegNul7eNslCXP9FDj/Lcu0X8KEyMceP2ntpaHrDEVA==}

  picomatch@2.3.2:
    resolution: {integrity: sha512-V7+vQEJ06Z+c5tSye8S+nHUfI51xoXIXjHQ99cQtKUkQqqO1kO/KCJUfZXuB47h/YBlDhah2H3hdUGXn8ie0oA==}
    engines: {node: '>=8.6'}

  pify@4.0.1:
    resolution: {integrity: sha512-uB80kBFb/tfd68bVleG9T5GGsGPjJrLAUpR5PZIrhBnIaRTQRjqdJSsIKkOP6OAIFbj7GOrcudc5pNjZ+geV2g==}
    engines: {node: '>=6'}

  prettier@2.8.8:
    resolution: {integrity: sha512-tdN8qQGvNjw4CHbY+XXk0JgCXn9QiF21a55rBe5LJAU+kDyC4WQn4+awm2Xfk2lQMk5fKup9XgzTZtGkjBdP9Q==}
    engines: {node: '>=10.13.0'}
    hasBin: true

  quansync@0.2.11:
    resolution: {integrity: sha512-AifT7QEbW9Nri4tAwR5M/uzpBuqfZf+zwaEM/QkzEjj7NBuFD2rBuy0K3dE+8wltbezDV7JMA0WfnCPYRSYbXA==}

  queue-microtask@1.2.3:
    resolution: {integrity: sha512-NuaNSa6flKT5JaSYQzJok04JzTL1CA6aGhv5rfLW3PgqA+M2ChpZQnAC8h8i4ZFkBS8X5RqkDBHA7r4hej3K9A==}

  read-yaml-file@1.1.0:
    resolution: {integrity: sha512-VIMnQi/Z4HT2Fxuwg5KrY174U1VdUIASQVWXXyqtNRtxSr9IYkn1rsI6Tb6HsrHCmB7gVpNwX6JxPTHcH6IoTA==}
    engines: {node: '>=6'}

  resolve-from@5.0.0:
    resolution: {integrity: sha512-qYg9KP24dD5qka9J47d0aVky0N+b4fTU89LN9iDnjB5waksiC49rvMB0PrUJQGoTmH50XPiqOvAjDfaijGxYZw==}
    engines: {node: '>=8'}

  reusify@1.1.0:
    resolution: {integrity: sha512-g6QUff04oZpHs0eG5p83rFLhHeV00ug/Yf9nZM6fLeUrPguBTkTQOdpAWWspMh55TZfVQDPaN3NQJfbVRAxdIw==}
    engines: {iojs: '>=1.0.0', node: '>=0.10.0'}

  run-parallel@1.2.0:
    resolution: {integrity: sha512-5l4VyZR86LZ/lDxZTR6jqL8AFE2S0IFLMP26AbjsLVADxHdhB/c0GUsH+y39UfCi3dzz8OlQuPmnaJOMoDHQBA==}

  safer-buffer@2.1.2:
    resolution: {integrity: sha512-YZo3K82SD7Riyi0E1EQPojLz7kpepnSQI9IyPbHHg1XXXevb5dJI7tpyN2ADxGcQbHG7vcyRHk0cbwqcQriUtg==}

  semver@7.7.4:
    resolution: {integrity: sha512-vFKC2IEtQnVhpT78h1Yp8wzwrf8CM+MzKMHGJZfBtzhZNycRFnXsHk6E5TxIkkMsgNS7mdX3AGB7x2QM2di4lA==}
    engines: {node: '>=10'}
    hasBin: true

  shebang-command@2.0.0:
    resolution: {integrity: sha512-kHxr2zZpYtdmrN1qDjrrX/Z1rR1kG8Dx+gkpK1G4eXmvXswmcE1hTWBWYUzlraYw1/yZp6YuDY77YtvbN0dmDA==}
    engines: {node: '>=8'}

  shebang-regex@3.0.0:
    resolution: {integrity: sha512-7++dFhtcx3353uBaq8DDR4NuxBetBzC7ZQOhmTQInHEd6bSrXdiEyzCvG07Z44UYdLShWUyXt5M/yhz8ekcb1A==}
    engines: {node: '>=8'}

  signal-exit@4.1.0:
    resolution: {integrity: sha512-bzyZ1e88w9O1iNJbKnOlvYTrWPDl46O1bG0D3XInv+9tkPrxrN8jUUTiFlDkkmKWgn1M6CfIA13SuGqOa9Korw==}
    engines: {node: '>=14'}

  slash@3.0.0:
    resolution: {integrity: sha512-g9Q1haeby36OSStwb4ntCGGGaKsaVSjQ68fBxoQcutl5fS1vuY18H3wSt3jFyFtrkx+Kz0V1G85A4MyAdDMi2Q==}
    engines: {node: '>=8'}

  spawndamnit@3.0.1:
    resolution: {integrity: sha512-MmnduQUuHCoFckZoWnXsTg7JaiLBJrKFj9UI2MbRPGaJeVpsLcVBu6P/IGZovziM/YBsellCmsprgNA+w0CzVg==}

  sprintf-js@1.0.3:
    resolution: {integrity: sha512-D9cPgkvLlV3t3IzL0D0YLvGA9Ahk4PcvVwUbN0dSGr1aP0Nrt4AEnTUbuGvquEC0mA64Gqt1fzirlRs5ibXx8g==}

  strip-ansi@6.0.1:
    resolution: {integrity: sha512-Y38VPSHcqkFrCpFnQ9vuSXmquuv5oXOKpGeT6aGrr3o3Gc9AlVa6JBfUSOCnbxGGZF+/0ooI7KrPuUSztUdU5A==}
    engines: {node: '>=8'}

  strip-bom@3.0.0:
    resolution: {integrity: sha512-vavAMRXOgBVNF6nyEEmL3DBK19iRpDcoIwW+swQ+CbGiu7lju6t+JklA1MHweoWtadgt4ISVUsXLyDq34ddcwA==}
    engines: {node: '>=4'}

  term-size@2.2.1:
    resolution: {integrity: sha512-wK0Ri4fOGjv/XPy8SBHZChl8CM7uMc5VML7SqiQ0zG7+J5Vr+RMQDoHa2CNT6KHUnTGIXH34UDMkPzAUyapBZg==}
    engines: {node: '>=8'}

  to-regex-range@5.0.1:
    resolution: {integrity: sha512-65P7iz6X5yEr1cwcgvQxbbIw7Uk3gOy5dIdtZ4rDveLqhrdJP+Li/Hx6tyK0NEb+2GCyneCMJiGqrADCSNk8sQ==}
    engines: {node: '>=8.0'}

  tsconfck@3.1.6:
    resolution: {integrity: sha512-ks6Vjr/jEw0P1gmOVwutM3B7fWxoWBL2KRDb1JfqGVawBmO5UsvmWOQFGHBPl5yxYz4eERr19E6L7NMv+Fej4w==}
    engines: {node: ^18 || >=20}
    hasBin: true
    peerDependencies:
      typescript: ^5.0.0
    peerDependenciesMeta:
      typescript:
        optional: true

  tsconfig-migrate@0.2.0:
    resolution: {integrity: sha512-+VeZSiIPZ3FmEf5kyTnjVvjgzXKmLsYROuvrW+y+eY5tjLQ3iE1ZR2C0mdrrJ1SP3a3359XsJiF8MDOX5DCCow==}

  tslib@2.8.1:
    resolution: {integrity: sha512-oJFu94HQb+KVduSUQL7wnpmqnfmLsOA/nAh6b6EH0wCEoK0/mPeXU6c3wKDV83MkOuHPRHtSXKKU99IBazS/2w==}

  typescript@6.0.2:
    resolution: {integrity: sha512-bGdAIrZ0wiGDo5l8c++HWtbaNCWTS4UTv7RaTH/ThVIgjkveJt83m74bBHMJkuCbslY8ixgLBVZJIOiQlQTjfQ==}
    engines: {node: '>=14.17'}
    hasBin: true

  undici-types@7.18.2:
    resolution: {integrity: sha512-AsuCzffGHJybSaRrmr5eHr81mwJU3kjw6M+uprWvCXiNeN9SOGwQ3Jn8jb8m3Z6izVgknn1R0FTCEAP2QrLY/w==}

  universalify@0.1.2:
    resolution: {integrity: sha512-rBJeI5CXAlmy1pV+617WB9J63U6XcazHHF2f2dbJix4XzpUF0RS3Zbj0FGIOCAva5P/d/GBOYaACQ1w+0azUkg==}
    engines: {node: '>= 4.0.0'}

  which@2.0.2:
    resolution: {integrity: sha512-BLI3Tl1TW3Pvl70l3yq3Y64i+awpwXqsGBYWkkqMtnbXgrMD+yj7rhW0kuEDxzJaYXGjEW5ogapKNMEKNMjibA==}
    engines: {node: '>= 8'}
    hasBin: true

snapshots:

  '@babel/runtime@7.29.2': {}

  '@changesets/apply-release-plan@7.1.0':
    dependencies:
      '@changesets/config': 3.1.3
      '@changesets/get-version-range-type': 0.4.0
      '@changesets/git': 3.0.4
      '@changesets/should-skip-package': 0.1.2
      '@changesets/types': 6.1.0
      '@manypkg/get-packages': 1.1.3
      detect-indent: 6.1.0
      fs-extra: 7.0.1
      lodash.startcase: 4.4.0
      outdent: 0.5.0
      prettier: 2.8.8
      resolve-from: 5.0.0
      semver: 7.7.4

  '@changesets/assemble-release-plan@6.0.9':
    dependencies:
      '@changesets/errors': 0.2.0
      '@changesets/get-dependents-graph': 2.1.3
      '@changesets/should-skip-package': 0.1.2
      '@changesets/types': 6.1.0
      '@manypkg/get-packages': 1.1.3
      semver: 7.7.4

  '@changesets/changelog-git@0.2.1':
    dependencies:
      '@changesets/types': 6.1.0

  '@changesets/cli@2.30.0(@types/node@25.5.0)':
    dependencies:
      '@changesets/apply-release-plan': 7.1.0
      '@changesets/assemble-release-plan': 6.0.9
      '@changesets/changelog-git': 0.2.1
      '@changesets/config': 3.1.3
      '@changesets/errors': 0.2.0
      '@changesets/get-dependents-graph': 2.1.3
      '@changesets/get-release-plan': 4.0.15
      '@changesets/git': 3.0.4
      '@changesets/logger': 0.1.1
      '@changesets/pre': 2.0.2
      '@changesets/read': 0.6.7
      '@changesets/should-skip-package': 0.1.2
      '@changesets/types': 6.1.0
      '@changesets/write': 0.4.0
      '@inquirer/external-editor': 1.0.3(@types/node@25.5.0)
      '@manypkg/get-packages': 1.1.3
      ansi-colors: 4.1.3
      enquirer: 2.4.1
      fs-extra: 7.0.1
      mri: 1.2.0
      package-manager-detector: 0.2.11
      picocolors: 1.1.1
      resolve-from: 5.0.0
      semver: 7.7.4
      spawndamnit: 3.0.1
      term-size: 2.2.1
    transitivePeerDependencies:
      - '@types/node'

  '@changesets/config@3.1.3':
    dependencies:
      '@changesets/errors': 0.2.0
      '@changesets/get-dependents-graph': 2.1.3
      '@changesets/logger': 0.1.1
      '@changesets/should-skip-package': 0.1.2
      '@changesets/types': 6.1.0
      '@manypkg/get-packages': 1.1.3
      fs-extra: 7.0.1
      micromatch: 4.0.8

  '@changesets/errors@0.2.0':
    dependencies:
      extendable-error: 0.1.7

  '@changesets/get-dependents-graph@2.1.3':
    dependencies:
      '@changesets/types': 6.1.0
      '@manypkg/get-packages': 1.1.3
      picocolors: 1.1.1
      semver: 7.7.4

  '@changesets/get-release-plan@4.0.15':
    dependencies:
      '@changesets/assemble-release-plan': 6.0.9
      '@changesets/config': 3.1.3
      '@changesets/pre': 2.0.2
      '@changesets/read': 0.6.7
      '@changesets/types': 6.1.0
      '@manypkg/get-packages': 1.1.3

  '@changesets/get-version-range-type@0.4.0': {}

  '@changesets/git@3.0.4':
    dependencies:
      '@changesets/errors': 0.2.0
      '@manypkg/get-packages': 1.1.3
      is-subdir: 1.2.0
      micromatch: 4.0.8
      spawndamnit: 3.0.1

  '@changesets/logger@0.1.1':
    dependencies:
      picocolors: 1.1.1

  '@changesets/parse@0.4.3':
    dependencies:
      '@changesets/types': 6.1.0
      js-yaml: 4.1.1

  '@changesets/pre@2.0.2':
    dependencies:
      '@changesets/errors': 0.2.0
      '@changesets/types': 6.1.0
      '@manypkg/get-packages': 1.1.3
      fs-extra: 7.0.1

  '@changesets/read@0.6.7':
    dependencies:
      '@changesets/git': 3.0.4
      '@changesets/logger': 0.1.1
      '@changesets/parse': 0.4.3
      '@changesets/types': 6.1.0
      fs-extra: 7.0.1
      p-filter: 2.1.0
      picocolors: 1.1.1

  '@changesets/should-skip-package@0.1.2':
    dependencies:
      '@changesets/types': 6.1.0
      '@manypkg/get-packages': 1.1.3

  '@changesets/types@4.1.0': {}

  '@changesets/types@6.1.0': {}

  '@changesets/write@0.4.0':
    dependencies:
      '@changesets/types': 6.1.0
      fs-extra: 7.0.1
      human-id: 4.1.3
      prettier: 2.8.8

  '@dprint/darwin-arm64@0.53.1':
    optional: true

  '@dprint/darwin-x64@0.53.1':
    optional: true

  '@dprint/linux-arm64-glibc@0.53.1':
    optional: true

  '@dprint/linux-arm64-musl@0.53.1':
    optional: true

  '@dprint/linux-loong64-glibc@0.53.1':
    optional: true

  '@dprint/linux-loong64-musl@0.53.1':
    optional: true

  '@dprint/linux-riscv64-glibc@0.53.1':
    optional: true

  '@dprint/linux-x64-glibc@0.53.1':
    optional: true

  '@dprint/linux-x64-musl@0.53.1':
    optional: true

  '@dprint/win32-arm64@0.53.1':
    optional: true

  '@dprint/win32-x64@0.53.1':
    optional: true

  '@emnapi/core@1.7.1':
    dependencies:
      '@emnapi/wasi-threads': 1.1.0
      tslib: 2.8.1
    optional: true

  '@emnapi/runtime@1.7.1':
    dependencies:
      tslib: 2.8.1
    optional: true

  '@emnapi/wasi-threads@1.1.0':
    dependencies:
      tslib: 2.8.1
    optional: true

  '@inquirer/external-editor@1.0.3(@types/node@25.5.0)':
    dependencies:
      chardet: 2.1.1
      iconv-lite: 0.7.2
    optionalDependencies:
      '@types/node': 25.5.0

  '@manypkg/find-root@1.1.0':
    dependencies:
      '@babel/runtime': 7.29.2
      '@types/node': 12.20.55
      find-up: 4.1.0
      fs-extra: 8.1.0

  '@manypkg/get-packages@1.1.3':
    dependencies:
      '@babel/runtime': 7.29.2
      '@changesets/types': 4.1.0
      '@manypkg/find-root': 1.1.0
      fs-extra: 8.1.0
      globby: 11.1.0
      read-yaml-file: 1.1.0

  '@napi-rs/wasm-runtime@1.1.2(@emnapi/core@1.7.1)(@emnapi/runtime@1.7.1)':
    dependencies:
      '@emnapi/core': 1.7.1
      '@emnapi/runtime': 1.7.1
      '@tybys/wasm-util': 0.10.1
    optional: true

  '@nodelib/fs.scandir@2.1.5':
    dependencies:
      '@nodelib/fs.stat': 2.0.5
      run-parallel: 1.2.0

  '@nodelib/fs.stat@2.0.5': {}

  '@nodelib/fs.walk@1.2.8':
    dependencies:
      '@nodelib/fs.scandir': 2.1.5
      fastq: 1.20.1

  '@oxc-resolver/binding-android-arm-eabi@11.19.1':
    optional: true

  '@oxc-resolver/binding-android-arm64@11.19.1':
    optional: true

  '@oxc-resolver/binding-darwin-arm64@11.19.1':
    optional: true

  '@oxc-resolver/binding-darwin-x64@11.19.1':
    optional: true

  '@oxc-resolver/binding-freebsd-x64@11.19.1':
    optional: true

  '@oxc-resolver/binding-linux-arm-gnueabihf@11.19.1':
    optional: true

  '@oxc-resolver/binding-linux-arm-musleabihf@11.19.1':
    optional: true

  '@oxc-resolver/binding-linux-arm64-gnu@11.19.1':
    optional: true

  '@oxc-resolver/binding-linux-arm64-musl@11.19.1':
    optional: true

  '@oxc-resolver/binding-linux-ppc64-gnu@11.19.1':
    optional: true

  '@oxc-resolver/binding-linux-riscv64-gnu@11.19.1':
    optional: true

  '@oxc-resolver/binding-linux-riscv64-musl@11.19.1':
    optional: true

  '@oxc-resolver/binding-linux-s390x-gnu@11.19.1':
    optional: true

  '@oxc-resolver/binding-linux-x64-gnu@11.19.1':
    optional: true

  '@oxc-resolver/binding-linux-x64-musl@11.19.1':
    optional: true

  '@oxc-resolver/binding-openharmony-arm64@11.19.1':
    optional: true

  '@oxc-resolver/binding-wasm32-wasi@11.19.1(@emnapi/core@1.7.1)(@emnapi/runtime@1.7.1)':
    dependencies:
      '@napi-rs/wasm-runtime': 1.1.2(@emnapi/core@1.7.1)(@emnapi/runtime@1.7.1)
    transitivePeerDependencies:
      - '@emnapi/core'
      - '@emnapi/runtime'
    optional: true

  '@oxc-resolver/binding-win32-arm64-msvc@11.19.1':
    optional: true

  '@oxc-resolver/binding-win32-ia32-msvc@11.19.1':
    optional: true

  '@oxc-resolver/binding-win32-x64-msvc@11.19.1':
    optional: true

  '@startracex/dev-config@0.6.0': {}

  '@swc/core-darwin-arm64@1.15.21':
    optional: true

  '@swc/core-darwin-x64@1.15.21':
    optional: true

  '@swc/core-linux-arm-gnueabihf@1.15.21':
    optional: true

  '@swc/core-linux-arm64-gnu@1.15.21':
    optional: true

  '@swc/core-linux-arm64-musl@1.15.21':
    optional: true

  '@swc/core-linux-ppc64-gnu@1.15.21':
    optional: true

  '@swc/core-linux-s390x-gnu@1.15.21':
    optional: true

  '@swc/core-linux-x64-gnu@1.15.21':
    optional: true

  '@swc/core-linux-x64-musl@1.15.21':
    optional: true

  '@swc/core-win32-arm64-msvc@1.15.21':
    optional: true

  '@swc/core-win32-ia32-msvc@1.15.21':
    optional: true

  '@swc/core-win32-x64-msvc@1.15.21':
    optional: true

  '@swc/core@1.15.21':
    dependencies:
      '@swc/counter': 0.1.3
      '@swc/types': 0.1.26
    optionalDependencies:
      '@swc/core-darwin-arm64': 1.15.21
      '@swc/core-darwin-x64': 1.15.21
      '@swc/core-linux-arm-gnueabihf': 1.15.21
      '@swc/core-linux-arm64-gnu': 1.15.21
      '@swc/core-linux-arm64-musl': 1.15.21
      '@swc/core-linux-ppc64-gnu': 1.15.21
      '@swc/core-linux-s390x-gnu': 1.15.21
      '@swc/core-linux-x64-gnu': 1.15.21
      '@swc/core-linux-x64-musl': 1.15.21
      '@swc/core-win32-arm64-msvc': 1.15.21
      '@swc/core-win32-ia32-msvc': 1.15.21
      '@swc/core-win32-x64-msvc': 1.15.21

  '@swc/counter@0.1.3': {}

  '@swc/types@0.1.26':
    dependencies:
      '@swc/counter': 0.1.3

  '@tybys/wasm-util@0.10.1':
    dependencies:
      tslib: 2.8.1
    optional: true

  '@types/node@12.20.55': {}

  '@types/node@25.5.0':
    dependencies:
      undici-types: 7.18.2

  ansi-colors@4.1.3: {}

  ansi-regex@5.0.1: {}

  argparse@1.0.10:
    dependencies:
      sprintf-js: 1.0.3

  argparse@2.0.1: {}

  array-union@2.1.0: {}

  better-path-resolve@1.0.0:
    dependencies:
      is-windows: 1.0.2

  braces@3.0.3:
    dependencies:
      fill-range: 7.1.1

  chardet@2.1.1: {}

  cross-spawn@7.0.6:
    dependencies:
      path-key: 3.1.1
      shebang-command: 2.0.0
      which: 2.0.2

  detect-indent@6.1.0: {}

  dir-glob@3.0.1:
    dependencies:
      path-type: 4.0.0

  dprint@0.53.1:
    optionalDependencies:
      '@dprint/darwin-arm64': 0.53.1
      '@dprint/darwin-x64': 0.53.1
      '@dprint/linux-arm64-glibc': 0.53.1
      '@dprint/linux-arm64-musl': 0.53.1
      '@dprint/linux-loong64-glibc': 0.53.1
      '@dprint/linux-loong64-musl': 0.53.1
      '@dprint/linux-riscv64-glibc': 0.53.1
      '@dprint/linux-x64-glibc': 0.53.1
      '@dprint/linux-x64-musl': 0.53.1
      '@dprint/win32-arm64': 0.53.1
      '@dprint/win32-x64': 0.53.1

  enquirer@2.4.1:
    dependencies:
      ansi-colors: 4.1.3
      strip-ansi: 6.0.1

  esprima@4.0.1: {}

  extendable-error@0.1.7: {}

  fast-glob@3.3.3:
    dependencies:
      '@nodelib/fs.stat': 2.0.5
      '@nodelib/fs.walk': 1.2.8
      glob-parent: 5.1.2
      merge2: 1.4.1
      micromatch: 4.0.8

  fastq@1.20.1:
    dependencies:
      reusify: 1.1.0

  fill-range@7.1.1:
    dependencies:
      to-regex-range: 5.0.1

  find-up@4.1.0:
    dependencies:
      locate-path: 5.0.0
      path-exists: 4.0.0

  fs-extra@7.0.1:
    dependencies:
      graceful-fs: 4.2.11
      jsonfile: 4.0.0
      universalify: 0.1.2

  fs-extra@8.1.0:
    dependencies:
      graceful-fs: 4.2.11
      jsonfile: 4.0.0
      universalify: 0.1.2

  glob-parent@5.1.2:
    dependencies:
      is-glob: 4.0.3

  globby@11.1.0:
    dependencies:
      array-union: 2.1.0
      dir-glob: 3.0.1
      fast-glob: 3.3.3
      ignore: 5.3.2
      merge2: 1.4.1
      slash: 3.0.0

  graceful-fs@4.2.11: {}

  human-id@4.1.3: {}

  iconv-lite@0.7.2:
    dependencies:
      safer-buffer: 2.1.2

  ignore@5.3.2: {}

  is-extglob@2.1.1: {}

  is-glob@4.0.3:
    dependencies:
      is-extglob: 2.1.1

  is-number@7.0.0: {}

  is-subdir@1.2.0:
    dependencies:
      better-path-resolve: 1.0.0

  is-windows@1.0.2: {}

  isexe@2.0.0: {}

  js-yaml@3.14.2:
    dependencies:
      argparse: 1.0.10
      esprima: 4.0.1

  js-yaml@4.1.1:
    dependencies:
      argparse: 2.0.1

  jsonfile@4.0.0:
    optionalDependencies:
      graceful-fs: 4.2.11

  locate-path@5.0.0:
    dependencies:
      p-locate: 4.1.0

  lodash.startcase@4.4.0: {}

  merge2@1.4.1: {}

  micromatch@4.0.8:
    dependencies:
      braces: 3.0.3
      picomatch: 2.3.2

  mri@1.2.0: {}

  outdent@0.5.0: {}

  oxc-resolver@11.19.1(@emnapi/core@1.7.1)(@emnapi/runtime@1.7.1):
    optionalDependencies:
      '@oxc-resolver/binding-android-arm-eabi': 11.19.1
      '@oxc-resolver/binding-android-arm64': 11.19.1
      '@oxc-resolver/binding-darwin-arm64': 11.19.1
      '@oxc-resolver/binding-darwin-x64': 11.19.1
      '@oxc-resolver/binding-freebsd-x64': 11.19.1
      '@oxc-resolver/binding-linux-arm-gnueabihf': 11.19.1
      '@oxc-resolver/binding-linux-arm-musleabihf': 11.19.1
      '@oxc-resolver/binding-linux-arm64-gnu': 11.19.1
      '@oxc-resolver/binding-linux-arm64-musl': 11.19.1
      '@oxc-resolver/binding-linux-ppc64-gnu': 11.19.1
      '@oxc-resolver/binding-linux-riscv64-gnu': 11.19.1
      '@oxc-resolver/binding-linux-riscv64-musl': 11.19.1
      '@oxc-resolver/binding-linux-s390x-gnu': 11.19.1
      '@oxc-resolver/binding-linux-x64-gnu': 11.19.1
      '@oxc-resolver/binding-linux-x64-musl': 11.19.1
      '@oxc-resolver/binding-openharmony-arm64': 11.19.1
      '@oxc-resolver/binding-wasm32-wasi': 11.19.1(@emnapi/core@1.7.1)(@emnapi/runtime@1.7.1)
      '@oxc-resolver/binding-win32-arm64-msvc': 11.19.1
      '@oxc-resolver/binding-win32-ia32-msvc': 11.19.1
      '@oxc-resolver/binding-win32-x64-msvc': 11.19.1
    transitivePeerDependencies:
      - '@emnapi/core'
      - '@emnapi/runtime'

  p-filter@2.1.0:
    dependencies:
      p-map: 2.1.0

  p-limit@2.3.0:
    dependencies:
      p-try: 2.2.0

  p-locate@4.1.0:
    dependencies:
      p-limit: 2.3.0

  p-map@2.1.0: {}

  p-try@2.2.0: {}

  package-manager-detector@0.2.11:
    dependencies:
      quansync: 0.2.11

  path-exists@4.0.0: {}

  path-key@3.1.1: {}

  path-type@4.0.0: {}

  picocolors@1.1.1: {}

  picomatch@2.3.2: {}

  pify@4.0.1: {}

  prettier@2.8.8: {}

  quansync@0.2.11: {}

  queue-microtask@1.2.3: {}

  read-yaml-file@1.1.0:
    dependencies:
      graceful-fs: 4.2.11
      js-yaml: 3.14.2
      pify: 4.0.1
      strip-bom: 3.0.0

  resolve-from@5.0.0: {}

  reusify@1.1.0: {}

  run-parallel@1.2.0:
    dependencies:
      queue-microtask: 1.2.3

  safer-buffer@2.1.2: {}

  semver@7.7.4: {}

  shebang-command@2.0.0:
    dependencies:
      shebang-regex: 3.0.0

  shebang-regex@3.0.0: {}

  signal-exit@4.1.0: {}

  slash@3.0.0: {}

  spawndamnit@3.0.1:
    dependencies:
      cross-spawn: 7.0.6
      signal-exit: 4.1.0

  sprintf-js@1.0.3: {}

  strip-ansi@6.0.1:
    dependencies:
      ansi-regex: 5.0.1

  strip-bom@3.0.0: {}

  term-size@2.2.1: {}

  to-regex-range@5.0.1:
    dependencies:
      is-number: 7.0.0

  tsconfck@3.1.6(typescript@6.0.2):
    optionalDependencies:
      typescript: 6.0.2

  tsconfig-migrate@0.2.0: {}

  tslib@2.8.1: {}

  typescript@6.0.2: {}

  undici-types@7.18.2: {}

  universalify@0.1.2: {}

  which@2.0.2:
    dependencies:
      isexe: 2.0.0
